
Microsoft Visual Studio Solution File, Format Version 12.00
# Visual Studio Version 16
VisualStudioVersion = 16.0.29306.81
MinimumVisualStudioVersion = 10.0.40219.1
Project("{FAE04EC0-301F-11D3-BF4B-00C04F79EFBC}") = "AircraftGUI", "Aero390Spoilers\AircraftGUI.csproj", "{94132E65-2BB1-483A-AA03-6EB6355582A3}"
	ProjectSection(ProjectDependencies) = postProject
		{6A0A4869-233D-4DF0-BE80-C1344A9E0E89} = {6A0A4869-233D-4DF0-BE80-C1344A9E0E89}
	EndProjectSection
EndProject
Project("{9A19103F-16F7-4668-BE54-9A1E7A4F7556}") = "Hydraulics", "Hydraulics\Hydraulics.csproj", "{1CF9052F-C8C4-46F2-9506-94E4B31CCCFB}"
	ProjectSection(ProjectDependencies) = postProject
		{6A0A4869-233D-4DF0-BE80-C1344A9E0E89} = {6A0A4869-233D-4DF0-BE80-C1344A9E0E89}
	EndProjectSection
EndProject
Project("{9A19103F-16F7-4668-BE54-9A1E7A4F7556}") = "Electrics", "Electrics\Electrics.csproj", "{D42A40F3-B4B7-4C75-9DF5-E2B65714B803}"
	ProjectSection(ProjectDependencies) = postProject
		{6A0A4869-233D-4DF0-BE80-C1344A9E0E89} = {6A0A4869-233D-4DF0-BE80-C1344A9E0E89}
	EndProjectSection
EndProject
Project("{9A19103F-16F7-4668-BE54-9A1E7A4F7556}") = "LandingGear", "LandingGear\LandingGear.csproj", "{C87760AD-ED3A-4BAA-B8FC-C5D22B323233}"
	ProjectSection(ProjectDependencies) = postProject
		{6A0A4869-233D-4DF0-BE80-C1344A9E0E89} = {6A0A4869-233D-4DF0-BE80-C1344A9E0E89}
	EndProjectSection
EndProject
Project("{9A19103F-16F7-4668-BE54-9A1E7A4F7556}") = "Ownship", "Ownship\Ownship.csproj", "{7C9F84CA-BC59-4758-B62E-D361BA58F400}"
	ProjectSection(ProjectDependencies) = postProject
		{6A0A4869-233D-4DF0-BE80-C1344A9E0E89} = {6A0A4869-233D-4DF0-BE80-C1344A9E0E89}
	EndProjectSection
EndProject
Project("{FAE04EC0-301F-11D3-BF4B-00C04F79EFBC}") = "CSSimulationNode", "CSSimulationNode\CSSimulationNode.csproj", "{8C913E93-C239-4BA6-ACB3-92D64223CDD9}"
	ProjectSection(ProjectDependencies) = postProject
		{6A0A4869-233D-4DF0-BE80-C1344A9E0E89} = {6A0A4869-233D-4DF0-BE80-C1344A9E0E89}
	EndProjectSection
EndProject
Project("{9A19103F-16F7-4668-BE54-9A1E7A4F7556}") = "ARINC", "ARINC\ARINC.csproj", "{6A0A4869-233D-4DF0-BE80-C1344A9E0E89}"
EndProject
Project("{FAE04EC0-301F-11D3-BF4B-00C04F79EFBC}") = "HMI_Handler", "HMI_Handler\HMI_Handler.csproj", "{5F98022B-FF4B-47CB-8B16-6A8ECF28F6B2}"
EndProject
Global
	GlobalSection(SolutionConfigurationPlatforms) = preSolution
		Debug|Any CPU = Debug|Any CPU
		Release|Any CPU = Release|Any CPU
	EndGlobalSection
	GlobalSection(ProjectConfigurationPlatforms) = postSolution
		{94132E65-2BB1-483A-AA03-6EB6355582A3}.Debug|Any CPU.ActiveCfg = Debug|Any CPU
		{94132E65-2BB1-483A-AA03-6EB6355582A3}.Debug|Any CPU.Build.0 = Debug|Any CPU
		{94132E65-2BB1-483A-AA03-6EB6355582A3}.Release|Any CPU.ActiveCfg = Release|Any CPU
		{94132E65-2BB1-483A-AA03-6EB6355582A3}.Release|Any CPU.Build.0 = Release|Any CPU
		{1CF9052F-C8C4-46F2-9506-94E4B31CCCFB}.Debug|Any CPU.ActiveCfg = Debug|Any CPU
		{1CF9052F-C8C4-46F2-9506-94E4B31CCCFB}.Debug|Any CPU.Build.0 = Debug|Any CPU
		{1CF9052F-C8C4-46F2-9506-94E4B31CCCFB}.Release|Any CPU.ActiveCfg = Release|Any CPU
		{1CF9052F-C8C4-46F2-9506-94E4B31CCCFB}.Release|Any CPU.Build.0 = Release|Any CPU
		{D42A40F3-B4B7-4C75-9DF5-E2B65714B803}.Debug|Any CPU.ActiveCfg = Debug|Any CPU
		{D42A40F3-B4B7-4C75-9DF5-E2B65714B803}.Debug|Any CPU.Build.0 = Debug|Any CPU
		{D42A40F3-B4B7-4C75-9DF5-E2B65714B803}.Release|Any CPU.ActiveCfg = Release|Any CPU
		{D42A40F3-B4B7-4C75-9DF5-E2B65714B803}.Release|Any CPU.Build.0 = Release|Any CPU
		{C87760AD-ED3A-4BAA-B8FC-C5D22B323233}.Debug|Any CPU.ActiveCfg = Debug|Any CPU
		{C87760AD-ED3A-4BAA-B8FC-C5D22B323233}.Debug|Any CPU.Build.0 = Debug|Any CPU
		{C87760AD-ED3A-4BAA-B8FC-C5D22B323233}.Release|Any CPU.ActiveCfg = Release|Any CPU
		{C87760AD-ED3A-4BAA-B8FC-C5D22B323233}.Release|Any CPU.Build.0 = Release|Any CPU
		{7C9F84CA-BC59-4758-B62E-D361BA58F400}.Debug|Any CPU.ActiveCfg = Debug|Any CPU
		{7C9F84CA-BC59-4758-B62E-D361BA58F400}.Debug|Any CPU.Build.0 = Debug|Any CPU
		{7C9F84CA-BC59-4758-B62E-D361BA58F400}.Release|Any CPU.ActiveCfg = Release|Any CPU
		{7C9F84CA-BC59-4758-B62E-D361BA58F400}.Release|Any CPU.Build.0 = Release|Any CPU
		{8C913E93-C239-4BA6-ACB3-92D64223CDD9}.Debug|Any CPU.ActiveCfg = Debug|Any CPU
		{8C913E93-C239-4BA6-ACB3-92D64223CDD9}.Debug|Any CPU.Build.0 = Debug|Any CPU
		{8C913E93-C239-4BA6-ACB3-92D64223CDD9}.Release|Any CPU.ActiveCfg = Release|Any CPU
		{8C913E93-C239-4BA6-ACB3-92D64223CDD9}.Release|Any CPU.Build.0 = Release|Any CPU
		{6A0A4869-233D-4DF0-BE80-C1344A9E0E89}.Debug|Any CPU.ActiveCfg = Debug|Any CPU
		{6A0A4869-233D-4DF0-BE80-C1344A9E0E89}.Debug|Any CPU.Build.0 = Debug|Any CPU
		{6A0A4869-233D-4DF0-BE80-C1344A9E0E89}.Release|Any CPU.ActiveCfg = Release|Any CPU
		{6A0A4869-233D-4DF0-BE80-C1344A9E0E89}.Release|Any CPU.Build.0 = Release|Any CPU
		{5F98022B-FF4B-47CB-8B16-6A8ECF28F6B2}.Debug|Any CPU.ActiveCfg = Debug|Any CPU
		{5F98022B-FF4B-47CB-8B16-6A8ECF28F6B2}.Debug|Any CPU.Build.0 = Debug|Any CPU
		{5F98022B-FF4B-47CB-8B16-6A8ECF28F6B2}.Release|Any CPU.ActiveCfg = Release|Any CPU
		{5F98022B-FF4B-47CB-8B16-6A8ECF28F6B2}.Release|Any CPU.Build.0 = Release|Any CPU
	EndGlobalSection
	GlobalSection(SolutionProperties) = preSolution
		HideSolutionNode = FALSE
	EndGlobalSection
	GlobalSection(ExtensibilityGlobals) = postSolution
		SolutionGuid = {F689CEA8-6B97-4CF2-BDB0-26C7A4BF1206}
	EndGlobalSection
EndGlobal
